{
  "version": 4,
  "terraform_version": "1.14.4",
  "serial": 47,
  "lineage": "f18236b7-6661-3df7-e5c8-1b433b959370",
  "outputs": {
    "cluster_endpoint": {
      "value": "https://FDF81245716AAD808F81EFC9FC1E39DB.gr7.us-east-1.eks.amazonaws.com",
      "type": "string"
    },
    "cluster_name": {
      "value": "ayman-eks",
      "type": "string"
    },
    "cluster_oidc_issuer_url": {
      "value": "https://oidc.eks.us-east-1.amazonaws.com/id/FDF81245716AAD808F81EFC9FC1E39DB",
      "type": "string"
    },
    "cluster_security_group_id": {
      "value": "sg-0c94649f321ba09b1",
      "type": "string"
    },
    "desired_node_count": {
      "value": 2,
      "type": "number"
    },
    "eks_node_role_arn": {
      "value": "arn:aws:iam::067970016113:role/ayman-eks-eks-node-role",
      "type": "string"
    },
    "node_group_name": {
      "value": "ayman-eks-workers",
      "type": "string"
    },
    "node_instance_type": {
      "value": "t3.medium",
      "type": "string"
    },
    "private_subnets": {
      "value": [
        "subnet-09abab72b8a398369",
        "subnet-006c7edd9765805a0"
      ],
      "type": [
        "tuple",
        [
          "string",
          "string"
        ]
      ]
    },
    "public_subnet": {
      "value": "subnet-09c764dda0cff53f4",
      "type": "string"
    },
    "region": {
      "value": "us-east-1",
      "type": "string"
    },
    "vpc_id": {
      "value": "vpc-074f3fcd785813a36",
      "type": "string"
    }
  },
  "resources": [
    {
      "mode": "data",
      "type": "aws_caller_identity",
      "name": "current",
      "provider": "provider[\"registry.terraform.io/hashicorp/aws\"]",
      "instances": [
        {
          "schema_version": 0,
          "attributes": {
            "account_id": "067970016113",
            "arn": "arn:aws:iam::067970016113:user/selcon",
            "id": "067970016113",
            "user_id": "AIDAQ7U2UENY5ESH2ZHEX"
          },
          "sensitive_attributes": [],
          "identity_schema_version": 0
        }
      ]
    },
    {
      "mode": "data",
      "type": "aws_eks_cluster",
      "name": "existing",
      "provider": "provider[\"registry.terraform.io/hashicorp/aws\"]",
      "instances": [
        {
          "schema_version": 0,
          "attributes": {
            "access_config": [
              {
                "authentication_mode": "CONFIG_MAP",
                "bootstrap_cluster_creator_admin_permissions": true
              }
            ],
            "arn": "arn:aws:eks:us-east-1:067970016113:cluster/ayman-eks",
            "certificate_authority": [
              {
                "data": "LS0tLS1CRUdJTiBDRVJUSUZJQ0FURS0tLS0tCk1JSURCVENDQWUyZ0F3SUJBZ0lJQ0dTY3BRN1d0VGd3RFFZSktvWklodmNOQVFFTEJRQXdGVEVUTUJFR0ExVUUKQXhNS2EzVmlaWEp1WlhSbGN6QWVGdzB5TmpBeU1EZ3hNakV6TVRSYUZ3MHpOakF5TURZeE1qRTRNVFJhTUJVeApFekFSQmdOVkJBTVRDbXQxWW1WeWJtVjBaWE13Z2dFaU1BMEdDU3FHU0liM0RRRUJBUVVBQTRJQkR3QXdnZ0VLCkFvSUJBUUM5SkFYdy9JMFUxeGtQQ0dBeVRRRzNMbnd6ZW04ZGJ6clNRSEkwbVVDUllUcHU1L0xjZnFlVTVnankKNFhLK29oVlJiWXQwVTZEOVB3UTVkZ0lWYlVGbkdzYnJTSU1NT1JLNGgxV0tqRC94VFhBcjVsK0dEbGYyVkZ4Zwpuc1d0VUJKZis3aExaeGdWOUNNakxUQ1g5M2lUc2tod05qWXR5MDdKaVJEdWg5T3g2U2lBM015M3BqeWVCMCtnCnVTQUlZdzMxZERUQmx4ZHc0WU1Gay9taEhzZFNBbTdZazVERVJhZDVQUnhzekkwb1d2Z2ZtZE42aDcyc1FQRGEKR0g2NlNvYXdCTU8wbW82MDN3UGR5dlgyTXRnUnZiR2lRRWs3dnc2MGdpZUJ6enFDclk1bzhSR2pDYzJpUzBNaQpZQlpkb0FtYmNWemZUb2JJNmJKVmovUHhxWng3QWdNQkFBR2pXVEJYTUE0R0ExVWREd0VCL3dRRUF3SUNwREFQCkJnTlZIUk1CQWY4RUJUQURBUUgvTUIwR0ExVWREZ1FXQkJSWGUvR1lnYXN5K2RmWVJXUVNQSmxKdDBSc3Z6QVYKQmdOVkhSRUVEakFNZ2dwcmRXSmxjbTVsZEdWek1BMEdDU3FHU0liM0RRRUJDd1VBQTRJQkFRQjBlN3hpUnpRRwpkQ0JJQTlrRUViZVc0dEp4bDZmbEVoMWtqQWMrZm52QTNZYk9nS0VFdVkxSFBsN05kYjlsdnEvYy9wV0lOcXRyCjNQRjZZSDZRWitoQ1RIQnp4a2pLS0FrMk5tb1NvbDl1UW05UTJVZ2Y3OHZVanVGbHpaWER5b21WN0F3aVJmQlIKZ2FhLzBFdFNNSE1mSFNrRnZoTm9RQ0pUWmtVK21WUndNNHVQc1BFOXZLb2pNdDM0Vi9tVjdVTW9MZElUNlhnSgpBQTl6cExqSTBNTTRiY2Q1Uk9CenhYM01EM2RTZ1RzYTVIMjRmMEJsblJBVmNVV25QZU91Z3FQOHd2dnhPNkluCjlUWm1DVkUvM2JUcW0vTGlTYlJvWEFHN0FpUm1oOXZjVGFDWW9OVHNYRFhHTW9pbzk0ZERnSHprR2J0YmpNNjgKNzRlZFJXS2RDbVlQCi0tLS0tRU5EIENFUlRJRklDQVRFLS0tLS0K"
              }
            ],
            "cluster_id": null,
            "compute_config": [
              {
                "enabled": false,
                "node_pools": [],
                "node_role_arn": ""
              }
            ],
            "created_at": "2026-02-08T12:12:19Z",
            "enabled_cluster_log_types": [],
            "endpoint": "https://FDF81245716AAD808F81EFC9FC1E39DB.gr7.us-east-1.eks.amazonaws.com",
            "id": "ayman-eks",
            "identity": [
              {
                "oidc": [
                  {
                    "issuer": "https://oidc.eks.us-east-1.amazonaws.com/id/FDF81245716AAD808F81EFC9FC1E39DB"
                  }
                ]
              }
            ],
            "kubernetes_network_config": [
              {
                "elastic_load_balancing": [
                  {
                    "enabled": false
                  }
                ],
                "ip_family": "ipv4",
                "service_ipv4_cidr": "172.20.0.0/16",
                "service_ipv6_cidr": ""
              }
            ],
            "name": "ayman-eks",
            "outpost_config": [],
            "platform_version": "eks.58",
            "remote_network_config": [],
            "role_arn": "arn:aws:iam::067970016113:role/ayman-eks-eks-cluster-role",
            "status": "ACTIVE",
            "storage_config": [
              {
                "block_storage": [
                  {
                    "enabled": false
                  }
                ]
              }
            ],
            "tags": {
              "Name": "ayman-eks"
            },
            "upgrade_policy": [
              {
                "support_type": "EXTENDED"
              }
            ],
            "version": "1.30",
            "vpc_config": [
              {
                "cluster_security_group_id": "sg-0c94649f321ba09b1",
                "endpoint_private_access": true,
                "endpoint_public_access": true,
                "public_access_cidrs": [
                  "0.0.0.0/0"
                ],
                "security_group_ids": [],
                "subnet_ids": [
                  "subnet-006c7edd9765805a0",
                  "subnet-09abab72b8a398369"
                ],
                "vpc_id": "vpc-074f3fcd785813a36"
              }
            ],
            "zonal_shift_config": []
          },
          "sensitive_attributes": [],
          "identity_schema_version": 0
        }
      ]
    },
    {
      "mode": "managed",
      "type": "aws_iam_role",
      "name": "ebs_csi_driver",
      "provider": "provider[\"registry.terraform.io/hashicorp/aws\"]",
      "instances": [
        {
          "schema_version": 0,
          "attributes": {
            "arn": "arn:aws:iam::067970016113:role/ayman-eks-ebs-csi-driver",
            "assume_role_policy": "{\"Statement\":[{\"Action\":\"sts:AssumeRoleWithWebIdentity\",\"Condition\":{\"StringEquals\":{\"oidc.eks.us-east-1.amazonaws.com/id/FDF81245716AAD808F81EFC9FC1E39DB:aud\":\"sts.amazonaws.com\",\"oidc.eks.us-east-1.amazonaws.com/id/FDF81245716AAD808F81EFC9FC1E39DB:sub\":\"system:serviceaccount:kube-system:ebs-csi-controller-sa\"}},\"Effect\":\"Allow\",\"Principal\":{\"Federated\":\"arn:aws:iam::067970016113:oidc-provider/oidc.eks.us-east-1.amazonaws.com/id/FDF81245716AAD808F81EFC9FC1E39DB\"}}],\"Version\":\"2012-10-17\"}",
            "create_date": "2026-02-08T18:07:53Z",
            "description": "",
            "force_detach_policies": false,
            "id": "ayman-eks-ebs-csi-driver",
            "inline_policy": [],
            "managed_policy_arns": [
              "arn:aws:iam::aws:policy/service-role/AmazonEBSCSIDriverPolicy"
            ],
            "max_session_duration": 3600,
            "name": "ayman-eks-ebs-csi-driver",
            "name_prefix": "",
            "path": "/",
            "permissions_boundary": "",
            "tags": {
              "Name": "ayman-eks-ebs-csi-driver"
            },
            "tags_all": {
              "Name": "ayman-eks-ebs-csi-driver"
            },
            "unique_id": "AROAQ7U2UENYXEYOGWFI7"
          },
          "sensitive_attributes": [],
          "identity_schema_version": 0,
          "private": "bnVsbA==",
          "dependencies": [
            "data.aws_caller_identity.current",
            "data.aws_eks_cluster.existing",
            "module.eks_cluster.aws_eks_cluster.eks",
            "module.eks_cluster.aws_iam_role.eks_cluster_role",
            "module.eks_cluster.aws_iam_role_policy_attachment.eks_cluster_policy",
            "module.eks_cluster.aws_iam_role_policy_attachment.eks_service_policy",
            "module.eks_cluster.aws_subnet.private",
            "module.eks_cluster.aws_vpc.eks_vpc",
            "module.eks_cluster.data.aws_availability_zones.available"
          ]
        }
      ]
    },
    {
      "mode": "managed",
      "type": "aws_iam_role_policy_attachment",
      "name": "ebs_csi_driver_policy",
      "provider": "provider[\"registry.terraform.io/hashicorp/aws\"]",
      "instances": [
        {
          "schema_version": 0,
          "attributes": {
            "id": "ayman-eks-ebs-csi-driver/arn:aws:iam::aws:policy/service-role/AmazonEBSCSIDriverPolicy",
            "policy_arn": "arn:aws:iam::aws:policy/service-role/AmazonEBSCSIDriverPolicy",
            "role": "ayman-eks-ebs-csi-driver"
          },
          "sensitive_attributes": [],
          "identity_schema_version": 0,
          "private": "bnVsbA==",
          "dependencies": [
            "aws_iam_role.ebs_csi_driver",
            "data.aws_caller_identity.current",
            "data.aws_eks_cluster.existing",
            "module.eks_cluster.aws_eks_cluster.eks",
            "module.eks_cluster.aws_iam_role.eks_cluster_role",
            "module.eks_cluster.aws_iam_role_policy_attachment.eks_cluster_policy",
            "module.eks_cluster.aws_iam_role_policy_attachment.eks_service_policy",
            "module.eks_cluster.aws_subnet.private",
            "module.eks_cluster.aws_vpc.eks_vpc",
            "module.eks_cluster.data.aws_availability_zones.available"
          ]
        }
      ]
    },
    {
      "module": "module.eks_cluster",
      "mode": "data",
      "type": "aws_availability_zones",
      "name": "available",
      "provider": "module.eks_cluster.provider[\"registry.terraform.io/hashicorp/aws\"]",
      "instances": [
        {
          "schema_version": 0,
          "attributes": {
            "all_availability_zones": null,
            "exclude_names": null,
            "exclude_zone_ids": null,
            "filter": null,
            "group_names": [
              "us-east-1-zg-1"
            ],
            "id": "us-east-1",
            "names": [
              "us-east-1a",
              "us-east-1b",
              "us-east-1c",
              "us-east-1d",
              "us-east-1e",
              "us-east-1f"
            ],
            "state": "available",
            "timeouts": null,
            "zone_ids": [
              "use1-az1",
              "use1-az2",
              "use1-az4",
              "use1-az6",
              "use1-az3",
              "use1-az5"
            ]
          },
          "sensitive_attributes": [],
          "identity_schema_version": 0
        }
      ]
    },
    {
      "module": "module.eks_cluster",
      "mode": "managed",
      "type": "aws_eip",
      "name": "nat",
      "provider": "module.eks_cluster.provider[\"registry.terraform.io/hashicorp/aws\"]",
      "instances": [
        {
          "schema_version": 0,
          "attributes": {
            "address": null,
            "allocation_id": "eipalloc-047fdcff6e51c3917",
            "arn": "arn:aws:ec2:us-east-1:067970016113:elastic-ip/eipalloc-047fdcff6e51c3917",
            "associate_with_private_ip": null,
            "association_id": "eipassoc-0395ba22555d25572",
            "carrier_ip": "",
            "customer_owned_ip": "",
            "customer_owned_ipv4_pool": "",
            "domain": "vpc",
            "id": "eipalloc-047fdcff6e51c3917",
            "instance": "",
            "ipam_pool_id": null,
            "network_border_group": "us-east-1",
            "network_interface": "eni-0e53f1b59c1c2c14c",
            "private_dns": "ip-10-0-0-29.ec2.internal",
            "private_ip": "10.0.0.29",
            "ptr_record": "",
            "public_dns": "ec2-3-229-111-207.compute-1.amazonaws.com",
            "public_ip": "3.229.111.207",
            "public_ipv4_pool": "amazon",
            "tags": {
              "Name": "ayman-eks-nat-eip"
            },
            "tags_all": {
              "Name": "ayman-eks-nat-eip"
            },
            "timeouts": null,
            "vpc": true
          },
          "sensitive_attributes": [],
          "identity_schema_version": 0,
          "private": "eyJlMmJmYjczMC1lY2FhLTExZTYtOGY4OC0zNDM2M2JjN2M0YzAiOnsiZGVsZXRlIjoxODAwMDAwMDAwMDAsInJlYWQiOjkwMDAwMDAwMDAwMCwidXBkYXRlIjozMDAwMDAwMDAwMDB9fQ=="
        }
      ]
    },
    {
      "module": "module.eks_cluster",
      "mode": "managed",
      "type": "aws_eks_cluster",
      "name": "eks",
      "provider": "module.eks_cluster.provider[\"registry.terraform.io/hashicorp/aws\"]",
      "instances": [
        {
          "schema_version": 1,
          "attributes": {
            "access_config": [
              {
                "authentication_mode": "CONFIG_MAP",
                "bootstrap_cluster_creator_admin_permissions": true
              }
            ],
            "arn": "arn:aws:eks:us-east-1:067970016113:cluster/ayman-eks",
            "bootstrap_self_managed_addons": true,
            "certificate_authority": [
              {
                "data": "LS0tLS1CRUdJTiBDRVJUSUZJQ0FURS0tLS0tCk1JSURCVENDQWUyZ0F3SUJBZ0lJQ0dTY3BRN1d0VGd3RFFZSktvWklodmNOQVFFTEJRQXdGVEVUTUJFR0ExVUUKQXhNS2EzVmlaWEp1WlhSbGN6QWVGdzB5TmpBeU1EZ3hNakV6TVRSYUZ3MHpOakF5TURZeE1qRTRNVFJhTUJVeApFekFSQmdOVkJBTVRDbXQxWW1WeWJtVjBaWE13Z2dFaU1BMEdDU3FHU0liM0RRRUJBUVVBQTRJQkR3QXdnZ0VLCkFvSUJBUUM5SkFYdy9JMFUxeGtQQ0dBeVRRRzNMbnd6ZW04ZGJ6clNRSEkwbVVDUllUcHU1L0xjZnFlVTVnankKNFhLK29oVlJiWXQwVTZEOVB3UTVkZ0lWYlVGbkdzYnJTSU1NT1JLNGgxV0tqRC94VFhBcjVsK0dEbGYyVkZ4Zwpuc1d0VUJKZis3aExaeGdWOUNNakxUQ1g5M2lUc2tod05qWXR5MDdKaVJEdWg5T3g2U2lBM015M3BqeWVCMCtnCnVTQUlZdzMxZERUQmx4ZHc0WU1Gay9taEhzZFNBbTdZazVERVJhZDVQUnhzekkwb1d2Z2ZtZE42aDcyc1FQRGEKR0g2NlNvYXdCTU8wbW82MDN3UGR5dlgyTXRnUnZiR2lRRWs3dnc2MGdpZUJ6enFDclk1bzhSR2pDYzJpUzBNaQpZQlpkb0FtYmNWemZUb2JJNmJKVmovUHhxWng3QWdNQkFBR2pXVEJYTUE0R0ExVWREd0VCL3dRRUF3SUNwREFQCkJnTlZIUk1CQWY4RUJUQURBUUgvTUIwR0ExVWREZ1FXQkJSWGUvR1lnYXN5K2RmWVJXUVNQSmxKdDBSc3Z6QVYKQmdOVkhSRUVEakFNZ2dwcmRXSmxjbTVsZEdWek1BMEdDU3FHU0liM0RRRUJDd1VBQTRJQkFRQjBlN3hpUnpRRwpkQ0JJQTlrRUViZVc0dEp4bDZmbEVoMWtqQWMrZm52QTNZYk9nS0VFdVkxSFBsN05kYjlsdnEvYy9wV0lOcXRyCjNQRjZZSDZRWitoQ1RIQnp4a2pLS0FrMk5tb1NvbDl1UW05UTJVZ2Y3OHZVanVGbHpaWER5b21WN0F3aVJmQlIKZ2FhLzBFdFNNSE1mSFNrRnZoTm9RQ0pUWmtVK21WUndNNHVQc1BFOXZLb2pNdDM0Vi9tVjdVTW9MZElUNlhnSgpBQTl6cExqSTBNTTRiY2Q1Uk9CenhYM01EM2RTZ1RzYTVIMjRmMEJsblJBVmNVV25QZU91Z3FQOHd2dnhPNkluCjlUWm1DVkUvM2JUcW0vTGlTYlJvWEFHN0FpUm1oOXZjVGFDWW9OVHNYRFhHTW9pbzk0ZERnSHprR2J0YmpNNjgKNzRlZFJXS2RDbVlQCi0tLS0tRU5EIENFUlRJRklDQVRFLS0tLS0K"
              }
            ],
            "cluster_id": null,
            "compute_config": [],
            "created_at": "2026-02-08T12:12:19Z",
            "enabled_cluster_log_types": [],
            "encryption_config": [],
            "endpoint": "https://FDF81245716AAD808F81EFC9FC1E39DB.gr7.us-east-1.eks.amazonaws.com",
            "force_update_version": null,
            "id": "ayman-eks",
            "identity": [
              {
                "oidc": [
                  {
                    "issuer": "https://oidc.eks.us-east-1.amazonaws.com/id/FDF81245716AAD808F81EFC9FC1E39DB"
                  }
                ]
              }
            ],
            "kubernetes_network_config": [
              {
                "elastic_load_balancing": [
                  {
                    "enabled": false
                  }
                ],
                "ip_family": "ipv4",
                "service_ipv4_cidr": "172.20.0.0/16",
                "service_ipv6_cidr": ""
              }
            ],
            "name": "ayman-eks",
            "outpost_config": [],
            "platform_version": "eks.58",
            "remote_network_config": [],
            "role_arn": "arn:aws:iam::067970016113:role/ayman-eks-eks-cluster-role",
            "status": "ACTIVE",
            "storage_config": [],
            "tags": {
              "Name": "ayman-eks"
            },
            "tags_all": {
              "Name": "ayman-eks"
            },
            "timeouts": null,
            "upgrade_policy": [
              {
                "support_type": "EXTENDED"
              }
            ],
            "version": "1.30",
            "vpc_config": [
              {
                "cluster_security_group_id": "sg-0c94649f321ba09b1",
                "endpoint_private_access": false,
                "endpoint_public_access": true,
                "public_access_cidrs": [
                  "0.0.0.0/0"
                ],
                "security_group_ids": [],
                "subnet_ids": [
                  "subnet-006c7edd9765805a0",
                  "subnet-09abab72b8a398369"
                ],
                "vpc_id": "vpc-074f3fcd785813a36"
              }
            ],
            "zonal_shift_config": []
          },
          "sensitive_attributes": [],
          "identity_schema_version": 0,
          "private": "eyJlMmJmYjczMC1lY2FhLTExZTYtOGY4OC0zNDM2M2JjN2M0YzAiOnsiY3JlYXRlIjoxODAwMDAwMDAwMDAwLCJkZWxldGUiOjkwMDAwMDAwMDAwMCwidXBkYXRlIjozNjAwMDAwMDAwMDAwfSwic2NoZW1hX3ZlcnNpb24iOiIxIn0=",
          "dependencies": [
            "module.eks_cluster.aws_iam_role.eks_cluster_role",
            "module.eks_cluster.aws_iam_role_policy_attachment.eks_cluster_policy",
            "module.eks_cluster.aws_iam_role_policy_attachment.eks_service_policy",
            "module.eks_cluster.aws_subnet.private",
            "module.eks_cluster.aws_vpc.eks_vpc",
            "module.eks_cluster.data.aws_availability_zones.available"
          ]
        }
      ]
    },
    {
      "module": "module.eks_cluster",
      "mode": "managed",
      "type": "aws_iam_policy",
      "name": "ebs_permissions",
      "provider": "module.eks_cluster.provider[\"registry.terraform.io/hashicorp/aws\"]",
      "instances": [
        {
          "schema_version": 0,
          "attributes": {
            "arn": "arn:aws:iam::067970016113:policy/EKSNodeEBSPermissions",
            "attachment_count": 1,
            "description": "Allow EKS nodes to manage EBS volumes",
            "id": "arn:aws:iam::067970016113:policy/EKSNodeEBSPermissions",
            "name": "EKSNodeEBSPermissions",
            "name_prefix": "",
            "path": "/",
            "policy": "{\"Statement\":[{\"Action\":[\"ec2:CreateVolume\",\"ec2:AttachVolume\",\"ec2:DescribeVolumes\",\"ec2:DeleteVolume\",\"ec2:DetachVolume\"],\"Effect\":\"Allow\",\"Resource\":\"*\"}],\"Version\":\"2012-10-17\"}",
            "policy_id": "ANPAQ7U2UENYVSSEBWT77",
            "tags": {},
            "tags_all": {}
          },
          "sensitive_attributes": [],
          "identity_schema_version": 0,
          "private": "bnVsbA=="
        }
      ]
    },
    {
      "module": "module.eks_cluster",
      "mode": "managed",
      "type": "aws_iam_role",
      "name": "eks_cluster_role",
      "provider": "module.eks_cluster.provider[\"registry.terraform.io/hashicorp/aws\"]",
      "instances": [
        {
          "schema_version": 0,
          "attributes": {
            "arn": "arn:aws:iam::067970016113:role/ayman-eks-eks-cluster-role",
            "assume_role_policy": "{\"Statement\":[{\"Action\":\"sts:AssumeRole\",\"Effect\":\"Allow\",\"Principal\":{\"Service\":\"eks.amazonaws.com\"}}],\"Version\":\"2012-10-17\"}",
            "create_date": "2026-02-08T12:12:01Z",
            "description": "",
            "force_detach_policies": false,
            "id": "ayman-eks-eks-cluster-role",
            "inline_policy": [],
            "managed_policy_arns": [
              "arn:aws:iam::aws:policy/AmazonEKSClusterPolicy",
              "arn:aws:iam::aws:policy/AmazonEKSServicePolicy"
            ],
            "max_session_duration": 3600,
            "name": "ayman-eks-eks-cluster-role",
            "name_prefix": "",
            "path": "/",
            "permissions_boundary": "",
            "tags": {},
            "tags_all": {},
            "unique_id": "AROAQ7U2UENYVEZFEVQXV"
          },
          "sensitive_attributes": [],
          "identity_schema_version": 0,
          "private": "bnVsbA=="
        }
      ]
    },
    {
      "module": "module.eks_cluster",
      "mode": "managed",
      "type": "aws_iam_role",
      "name": "eks_node_role",
      "provider": "module.eks_cluster.provider[\"registry.terraform.io/hashicorp/aws\"]",
      "instances": [
        {
          "schema_version": 0,
          "attributes": {
            "arn": "arn:aws:iam::067970016113:role/ayman-eks-eks-node-role",
            "assume_role_policy": "{\"Statement\":[{\"Action\":\"sts:AssumeRole\",\"Effect\":\"Allow\",\"Principal\":{\"Service\":\"ec2.amazonaws.com\"}}],\"Version\":\"2012-10-17\"}",
            "create_date": "2026-02-08T12:12:01Z",
            "description": "",
            "force_detach_policies": false,
            "id": "ayman-eks-eks-node-role",
            "inline_policy": [],
            "managed_policy_arns": [
              "arn:aws:iam::067970016113:policy/EKSNodeEBSPermissions",
              "arn:aws:iam::aws:policy/AmazonEC2ContainerRegistryReadOnly",
              "arn:aws:iam::aws:policy/AmazonEKSWorkerNodePolicy",
              "arn:aws:iam::aws:policy/AmazonEKS_CNI_Policy",
              "arn:aws:iam::aws:policy/AmazonSSMManagedInstanceCore"
            ],
            "max_session_duration": 3600,
            "name": "ayman-eks-eks-node-role",
            "name_prefix": "",
            "path": "/",
            "permissions_boundary": "",
            "tags": {},
            "tags_all": {},
            "unique_id": "AROAQ7U2UENYQAWRTEN37"
          },
          "sensitive_attributes": [],
          "identity_schema_version": 0,
          "private": "bnVsbA=="
        }
      ]
    },
    {
      "module": "module.eks_cluster",
      "mode": "managed",
      "type": "aws_iam_role_policy_attachment",
      "name": "cni_policy",
      "provider": "module.eks_cluster.provider[\"registry.terraform.io/hashicorp/aws\"]",
      "instances": [
        {
          "schema_version": 0,
          "attributes": {
            "id": "ayman-eks-eks-node-role/arn:aws:iam::aws:policy/AmazonEKS_CNI_Policy",
            "policy_arn": "arn:aws:iam::aws:policy/AmazonEKS_CNI_Policy",
            "role": "ayman-eks-eks-node-role"
          },
          "sensitive_attributes": [],
          "identity_schema_version": 0,
          "private": "bnVsbA==",
          "dependencies": [
            "module.eks_cluster.aws_iam_role.eks_node_role"
          ]
        }
      ]
    },
    {
      "module": "module.eks_cluster",
      "mode": "managed",
      "type": "aws_iam_role_policy_attachment",
      "name": "ebs_permissions_attach",
      "provider": "module.eks_cluster.provider[\"registry.terraform.io/hashicorp/aws\"]",
      "instances": [
        {
          "schema_version": 0,
          "attributes": {
            "id": "ayman-eks-eks-node-role/arn:aws:iam::067970016113:policy/EKSNodeEBSPermissions",
            "policy_arn": "arn:aws:iam::067970016113:policy/EKSNodeEBSPermissions",
            "role": "ayman-eks-eks-node-role"
          },
          "sensitive_attributes": [],
          "identity_schema_version": 0,
          "private": "bnVsbA==",
          "dependencies": [
            "module.eks_cluster.aws_iam_policy.ebs_permissions",
            "module.eks_cluster.aws_iam_role.eks_node_role"
          ]
        }
      ]
    },
    {
      "module": "module.eks_cluster",
      "mode": "managed",
      "type": "aws_iam_role_policy_attachment",
      "name": "ecr_policy",
      "provider": "module.eks_cluster.provider[\"registry.terraform.io/hashicorp/aws\"]",
      "instances": [
        {
          "schema_version": 0,
          "attributes": {
            "id": "ayman-eks-eks-node-role/arn:aws:iam::aws:policy/AmazonEC2ContainerRegistryReadOnly",
            "policy_arn": "arn:aws:iam::aws:policy/AmazonEC2ContainerRegistryReadOnly",
            "role": "ayman-eks-eks-node-role"
          },
          "sensitive_attributes": [],
          "identity_schema_version": 0,
          "private": "bnVsbA==",
          "dependencies": [
            "module.eks_cluster.aws_iam_role.eks_node_role"
          ]
        }
      ]
    },
    {
      "module": "module.eks_cluster",
      "mode": "managed",
      "type": "aws_iam_role_policy_attachment",
      "name": "eks_cluster_policy",
      "provider": "module.eks_cluster.provider[\"registry.terraform.io/hashicorp/aws\"]",
      "instances": [
        {
          "schema_version": 0,
          "attributes": {
            "id": "ayman-eks-eks-cluster-role/arn:aws:iam::aws:policy/AmazonEKSClusterPolicy",
            "policy_arn": "arn:aws:iam::aws:policy/AmazonEKSClusterPolicy",
            "role": "ayman-eks-eks-cluster-role"
          },
          "sensitive_attributes": [],
          "identity_schema_version": 0,
          "private": "bnVsbA==",
          "dependencies": [
            "module.eks_cluster.aws_iam_role.eks_cluster_role"
          ]
        }
      ]
    },
    {
      "module": "module.eks_cluster",
      "mode": "managed",
      "type": "aws_iam_role_policy_attachment",
      "name": "eks_service_policy",
      "provider": "module.eks_cluster.provider[\"registry.terraform.io/hashicorp/aws\"]",
      "instances": [
        {
          "schema_version": 0,
          "attributes": {
            "id": "ayman-eks-eks-cluster-role/arn:aws:iam::aws:policy/AmazonEKSServicePolicy",
            "policy_arn": "arn:aws:iam::aws:policy/AmazonEKSServicePolicy",
            "role": "ayman-eks-eks-cluster-role"
          },
          "sensitive_attributes": [],
          "identity_schema_version": 0,
          "private": "bnVsbA==",
          "dependencies": [
            "module.eks_cluster.aws_iam_role.eks_cluster_role"
          ]
        }
      ]
    },
    {
      "module": "module.eks_cluster",
      "mode": "managed",
      "type": "aws_iam_role_policy_attachment",
      "name": "eks_worker_policy",
      "provider": "module.eks_cluster.provider[\"registry.terraform.io/hashicorp/aws\"]",
      "instances": [
        {
          "schema_version": 0,
          "attributes": {
            "id": "ayman-eks-eks-node-role/arn:aws:iam::aws:policy/AmazonEKSWorkerNodePolicy",
            "policy_arn": "arn:aws:iam::aws:policy/AmazonEKSWorkerNodePolicy",
            "role": "ayman-eks-eks-node-role"
          },
          "sensitive_attributes": [],
          "identity_schema_version": 0,
          "private": "bnVsbA==",
          "dependencies": [
            "module.eks_cluster.aws_iam_role.eks_node_role"
          ]
        }
      ]
    },
    {
      "module": "module.eks_cluster",
      "mode": "managed",
      "type": "aws_iam_role_policy_attachment",
      "name": "ssm_policy",
      "provider": "module.eks_cluster.provider[\"registry.terraform.io/hashicorp/aws\"]",
      "instances": [
        {
          "schema_version": 0,
          "attributes": {
            "id": "ayman-eks-eks-node-role/arn:aws:iam::aws:policy/AmazonSSMManagedInstanceCore",
            "policy_arn": "arn:aws:iam::aws:policy/AmazonSSMManagedInstanceCore",
            "role": "ayman-eks-eks-node-role"
          },
          "sensitive_attributes": [],
          "identity_schema_version": 0,
          "private": "bnVsbA==",
          "dependencies": [
            "module.eks_cluster.aws_iam_role.eks_node_role"
          ]
        }
      ]
    },
    {
      "module": "module.eks_cluster",
      "mode": "managed",
      "type": "aws_internet_gateway",
      "name": "igw",
      "provider": "module.eks_cluster.provider[\"registry.terraform.io/hashicorp/aws\"]",
      "instances": [
        {
          "schema_version": 0,
          "attributes": {
            "arn": "arn:aws:ec2:us-east-1:067970016113:internet-gateway/igw-0b4ad1aab576ab1d6",
            "id": "igw-0b4ad1aab576ab1d6",
            "owner_id": "067970016113",
            "tags": {
              "Name": "ayman-eks-igw"
            },
            "tags_all": {
              "Name": "ayman-eks-igw"
            },
            "timeouts": null,
            "vpc_id": "vpc-074f3fcd785813a36"
          },
          "sensitive_attributes": [],
          "identity_schema_version": 0,
          "private": "eyJlMmJmYjczMC1lY2FhLTExZTYtOGY4OC0zNDM2M2JjN2M0YzAiOnsiY3JlYXRlIjoxMjAwMDAwMDAwMDAwLCJkZWxldGUiOjEyMDAwMDAwMDAwMDAsInVwZGF0ZSI6MTIwMDAwMDAwMDAwMH19",
          "dependencies": [
            "module.eks_cluster.aws_vpc.eks_vpc"
          ]
        }
      ]
    },
    {
      "module": "module.eks_cluster",
      "mode": "managed",
      "type": "aws_nat_gateway",
      "name": "nat",
      "provider": "module.eks_cluster.provider[\"registry.terraform.io/hashicorp/aws\"]",
      "instances": [
        {
          "schema_version": 0,
          "attributes": {
            "allocation_id": "eipalloc-047fdcff6e51c3917",
            "association_id": "eipassoc-0395ba22555d25572",
            "connectivity_type": "public",
            "id": "nat-06e9faee0305f2dba",
            "network_interface_id": "eni-0e53f1b59c1c2c14c",
            "private_ip": "10.0.0.29",
            "public_ip": "3.229.111.207",
            "secondary_allocation_ids": [],
            "secondary_private_ip_address_count": 0,
            "secondary_private_ip_addresses": [],
            "subnet_id": "subnet-09c764dda0cff53f4",
            "tags": {
              "Name": "ayman-eks-nat"
            },
            "tags_all": {
              "Name": "ayman-eks-nat"
            },
            "timeouts": null
          },
          "sensitive_attributes": [],
          "identity_schema_version": 0,
          "private": "eyJlMmJmYjczMC1lY2FhLTExZTYtOGY4OC0zNDM2M2JjN2M0YzAiOnsiY3JlYXRlIjo2MDAwMDAwMDAwMDAsImRlbGV0ZSI6MTgwMDAwMDAwMDAwMCwidXBkYXRlIjo2MDAwMDAwMDAwMDB9fQ==",
          "dependencies": [
            "module.eks_cluster.aws_eip.nat",
            "module.eks_cluster.aws_internet_gateway.igw",
            "module.eks_cluster.aws_subnet.public",
            "module.eks_cluster.aws_vpc.eks_vpc",
            "module.eks_cluster.data.aws_availability_zones.available"
          ]
        }
      ]
    },
    {
      "module": "module.eks_cluster",
      "mode": "managed",
      "type": "aws_route_table",
      "name": "private",
      "provider": "module.eks_cluster.provider[\"registry.terraform.io/hashicorp/aws\"]",
      "instances": [
        {
          "schema_version": 0,
          "attributes": {
            "arn": "arn:aws:ec2:us-east-1:067970016113:route-table/rtb-0c415964c832fe70d",
            "id": "rtb-0c415964c832fe70d",
            "owner_id": "067970016113",
            "propagating_vgws": [],
            "route": [
              {
                "carrier_gateway_id": "",
                "cidr_block": "0.0.0.0/0",
                "core_network_arn": "",
                "destination_prefix_list_id": "",
                "egress_only_gateway_id": "",
                "gateway_id": "",
                "ipv6_cidr_block": "",
                "local_gateway_id": "",
                "nat_gateway_id": "nat-06e9faee0305f2dba",
                "network_interface_id": "",
                "transit_gateway_id": "",
                "vpc_endpoint_id": "",
                "vpc_peering_connection_id": ""
              }
            ],
            "tags": {
              "Name": "ayman-eks-private-rt"
            },
            "tags_all": {
              "Name": "ayman-eks-private-rt"
            },
            "timeouts": null,
            "vpc_id": "vpc-074f3fcd785813a36"
          },
          "sensitive_attributes": [],
          "identity_schema_version": 0,
          "private": "eyJlMmJmYjczMC1lY2FhLTExZTYtOGY4OC0zNDM2M2JjN2M0YzAiOnsiY3JlYXRlIjozMDAwMDAwMDAwMDAsImRlbGV0ZSI6MzAwMDAwMDAwMDAwLCJ1cGRhdGUiOjEyMDAwMDAwMDAwMH19",
          "dependencies": [
            "module.eks_cluster.aws_eip.nat",
            "module.eks_cluster.aws_internet_gateway.igw",
            "module.eks_cluster.aws_nat_gateway.nat",
            "module.eks_cluster.aws_subnet.public",
            "module.eks_cluster.aws_vpc.eks_vpc",
            "module.eks_cluster.data.aws_availability_zones.available"
          ]
        }
      ]
    },
    {
      "module": "module.eks_cluster",
      "mode": "managed",
      "type": "aws_route_table",
      "name": "public",
      "provider": "module.eks_cluster.provider[\"registry.terraform.io/hashicorp/aws\"]",
      "instances": [
        {
          "schema_version": 0,
          "attributes": {
            "arn": "arn:aws:ec2:us-east-1:067970016113:route-table/rtb-0ff10fc342752a611",
            "id": "rtb-0ff10fc342752a611",
            "owner_id": "067970016113",
            "propagating_vgws": [],
            "route": [
              {
                "carrier_gateway_id": "",
                "cidr_block": "0.0.0.0/0",
                "core_network_arn": "",
                "destination_prefix_list_id": "",
                "egress_only_gateway_id": "",
                "gateway_id": "igw-0b4ad1aab576ab1d6",
                "ipv6_cidr_block": "",
                "local_gateway_id": "",
                "nat_gateway_id": "",
                "network_interface_id": "",
                "transit_gateway_id": "",
                "vpc_endpoint_id": "",
                "vpc_peering_connection_id": ""
              }
            ],
            "tags": {
              "Name": "ayman-eks-public-rt"
            },
            "tags_all": {
              "Name": "ayman-eks-public-rt"
            },
            "timeouts": null,
            "vpc_id": "vpc-074f3fcd785813a36"
          },
          "sensitive_attributes": [],
          "identity_schema_version": 0,
          "private": "eyJlMmJmYjczMC1lY2FhLTExZTYtOGY4OC0zNDM2M2JjN2M0YzAiOnsiY3JlYXRlIjozMDAwMDAwMDAwMDAsImRlbGV0ZSI6MzAwMDAwMDAwMDAwLCJ1cGRhdGUiOjEyMDAwMDAwMDAwMH19",
          "dependencies": [
            "module.eks_cluster.aws_internet_gateway.igw",
            "module.eks_cluster.aws_vpc.eks_vpc"
          ]
        }
      ]
    },
    {
      "module": "module.eks_cluster",
      "mode": "managed",
      "type": "aws_route_table_association",
      "name": "private",
      "provider": "module.eks_cluster.provider[\"registry.terraform.io/hashicorp/aws\"]",
      "instances": [
        {
          "index_key": 0,
          "schema_version": 0,
          "attributes": {
            "gateway_id": "",
            "id": "rtbassoc-01b62572b12924918",
            "route_table_id": "rtb-0c415964c832fe70d",
            "subnet_id": "subnet-09abab72b8a398369",
            "timeouts": null
          },
          "sensitive_attributes": [],
          "identity_schema_version": 0,
          "private": "eyJlMmJmYjczMC1lY2FhLTExZTYtOGY4OC0zNDM2M2JjN2M0YzAiOnsiY3JlYXRlIjozMDAwMDAwMDAwMDAsImRlbGV0ZSI6MzAwMDAwMDAwMDAwLCJ1cGRhdGUiOjEyMDAwMDAwMDAwMH19",
          "dependencies": [
            "module.eks_cluster.aws_eip.nat",
            "module.eks_cluster.aws_internet_gateway.igw",
            "module.eks_cluster.aws_nat_gateway.nat",
            "module.eks_cluster.aws_route_table.private",
            "module.eks_cluster.aws_subnet.private",
            "module.eks_cluster.aws_subnet.public",
            "module.eks_cluster.aws_vpc.eks_vpc",
            "module.eks_cluster.data.aws_availability_zones.available"
          ]
        },
        {
          "index_key": 1,
          "schema_version": 0,
          "attributes": {
            "gateway_id": "",
            "id": "rtbassoc-0235cf42da17a05c4",
            "route_table_id": "rtb-0c415964c832fe70d",
            "subnet_id": "subnet-006c7edd9765805a0",
            "timeouts": null
          },
          "sensitive_attributes": [],
          "identity_schema_version": 0,
          "private": "eyJlMmJmYjczMC1lY2FhLTExZTYtOGY4OC0zNDM2M2JjN2M0YzAiOnsiY3JlYXRlIjozMDAwMDAwMDAwMDAsImRlbGV0ZSI6MzAwMDAwMDAwMDAwLCJ1cGRhdGUiOjEyMDAwMDAwMDAwMH19",
          "dependencies": [
            "module.eks_cluster.aws_eip.nat",
            "module.eks_cluster.aws_internet_gateway.igw",
            "module.eks_cluster.aws_nat_gateway.nat",
            "module.eks_cluster.aws_route_table.private",
            "module.eks_cluster.aws_subnet.private",
            "module.eks_cluster.aws_subnet.public",
            "module.eks_cluster.aws_vpc.eks_vpc",
            "module.eks_cluster.data.aws_availability_zones.available"
          ]
        }
      ]
    },
    {
      "module": "module.eks_cluster",
      "mode": "managed",
      "type": "aws_route_table_association",
      "name": "public",
      "provider": "module.eks_cluster.provider[\"registry.terraform.io/hashicorp/aws\"]",
      "instances": [
        {
          "schema_version": 0,
          "attributes": {
            "gateway_id": "",
            "id": "rtbassoc-02af3c9772d4e7ce8",
            "route_table_id": "rtb-0ff10fc342752a611",
            "subnet_id": "subnet-09c764dda0cff53f4",
            "timeouts": null
          },
          "sensitive_attributes": [],
          "identity_schema_version": 0,
          "private": "eyJlMmJmYjczMC1lY2FhLTExZTYtOGY4OC0zNDM2M2JjN2M0YzAiOnsiY3JlYXRlIjozMDAwMDAwMDAwMDAsImRlbGV0ZSI6MzAwMDAwMDAwMDAwLCJ1cGRhdGUiOjEyMDAwMDAwMDAwMH19",
          "dependencies": [
            "module.eks_cluster.aws_internet_gateway.igw",
            "module.eks_cluster.aws_route_table.public",
            "module.eks_cluster.aws_subnet.public",
            "module.eks_cluster.aws_vpc.eks_vpc",
            "module.eks_cluster.data.aws_availability_zones.available"
          ]
        }
      ]
    },
    {
      "module": "module.eks_cluster",
      "mode": "managed",
      "type": "aws_security_group",
      "name": "eks_cluster_sg",
      "provider": "module.eks_cluster.provider[\"registry.terraform.io/hashicorp/aws\"]",
      "instances": [
        {
          "schema_version": 1,
          "attributes": {
            "arn": "arn:aws:ec2:us-east-1:067970016113:security-group/sg-08676c2043fa9860b",
            "description": "EKS cluster security group",
            "egress": [
              {
                "cidr_blocks": [
                  "0.0.0.0/0"
                ],
                "description": "",
                "from_port": 0,
                "ipv6_cidr_blocks": [],
                "prefix_list_ids": [],
                "protocol": "-1",
                "security_groups": [],
                "self": false,
                "to_port": 0
              }
            ],
            "id": "sg-08676c2043fa9860b",
            "ingress": [],
            "name": "terraform-20260208121214842200000001",
            "name_prefix": "terraform-",
            "owner_id": "067970016113",
            "revoke_rules_on_delete": false,
            "tags": {
              "Name": "ayman-eks-cluster-sg"
            },
            "tags_all": {
              "Name": "ayman-eks-cluster-sg"
            },
            "timeouts": null,
            "vpc_id": "vpc-074f3fcd785813a36"
          },
          "sensitive_attributes": [],
          "identity_schema_version": 0,
          "private": "eyJlMmJmYjczMC1lY2FhLTExZTYtOGY4OC0zNDM2M2JjN2M0YzAiOnsiY3JlYXRlIjo2MDAwMDAwMDAwMDAsImRlbGV0ZSI6OTAwMDAwMDAwMDAwfSwic2NoZW1hX3ZlcnNpb24iOiIxIn0=",
          "dependencies": [
            "module.eks_cluster.aws_vpc.eks_vpc"
          ]
        }
      ]
    },
    {
      "module": "module.eks_cluster",
      "mode": "managed",
      "type": "aws_subnet",
      "name": "private",
      "provider": "module.eks_cluster.provider[\"registry.terraform.io/hashicorp/aws\"]",
      "instances": [
        {
          "index_key": 0,
          "schema_version": 1,
          "attributes": {
            "arn": "arn:aws:ec2:us-east-1:067970016113:subnet/subnet-09abab72b8a398369",
            "assign_ipv6_address_on_creation": false,
            "availability_zone": "us-east-1b",
            "availability_zone_id": "use1-az2",
            "cidr_block": "10.0.1.0/24",
            "customer_owned_ipv4_pool": "",
            "enable_dns64": false,
            "enable_lni_at_device_index": 0,
            "enable_resource_name_dns_a_record_on_launch": false,
            "enable_resource_name_dns_aaaa_record_on_launch": false,
            "id": "subnet-09abab72b8a398369",
            "ipv6_cidr_block": "",
            "ipv6_cidr_block_association_id": "",
            "ipv6_native": false,
            "map_customer_owned_ip_on_launch": false,
            "map_public_ip_on_launch": false,
            "outpost_arn": "",
            "owner_id": "067970016113",
            "private_dns_hostname_type_on_launch": "ip-name",
            "tags": {
              "Name": "ayman-eks-private-subnet-0",
              "kubernetes.io/cluster/ayman-eks": "shared",
              "kubernetes.io/role/internal-elb": "1"
            },
            "tags_all": {
              "Name": "ayman-eks-private-subnet-0",
              "kubernetes.io/cluster/ayman-eks": "shared",
              "kubernetes.io/role/internal-elb": "1"
            },
            "timeouts": null,
            "vpc_id": "vpc-074f3fcd785813a36"
          },
          "sensitive_attributes": [],
          "identity_schema_version": 0,
          "private": "eyJlMmJmYjczMC1lY2FhLTExZTYtOGY4OC0zNDM2M2JjN2M0YzAiOnsiY3JlYXRlIjo2MDAwMDAwMDAwMDAsImRlbGV0ZSI6MTIwMDAwMDAwMDAwMH0sInNjaGVtYV92ZXJzaW9uIjoiMSJ9",
          "dependencies": [
            "module.eks_cluster.aws_vpc.eks_vpc",
            "module.eks_cluster.data.aws_availability_zones.available"
          ]
        },
        {
          "index_key": 1,
          "schema_version": 1,
          "attributes": {
            "arn": "arn:aws:ec2:us-east-1:067970016113:subnet/subnet-006c7edd9765805a0",
            "assign_ipv6_address_on_creation": false,
            "availability_zone": "us-east-1c",
            "availability_zone_id": "use1-az4",
            "cidr_block": "10.0.2.0/24",
            "customer_owned_ipv4_pool": "",
            "enable_dns64": false,
            "enable_lni_at_device_index": 0,
            "enable_resource_name_dns_a_record_on_launch": false,
            "enable_resource_name_dns_aaaa_record_on_launch": false,
            "id": "subnet-006c7edd9765805a0",
            "ipv6_cidr_block": "",
            "ipv6_cidr_block_association_id": "",
            "ipv6_native": false,
            "map_customer_owned_ip_on_launch": false,
            "map_public_ip_on_launch": false,
            "outpost_arn": "",
            "owner_id": "067970016113",
            "private_dns_hostname_type_on_launch": "ip-name",
            "tags": {
              "Name": "ayman-eks-private-subnet-1",
              "kubernetes.io/cluster/ayman-eks": "shared",
              "kubernetes.io/role/internal-elb": "1"
            },
            "tags_all": {
              "Name": "ayman-eks-private-subnet-1",
              "kubernetes.io/cluster/ayman-eks": "shared",
              "kubernetes.io/role/internal-elb": "1"
            },
            "timeouts": null,
            "vpc_id": "vpc-074f3fcd785813a36"
          },
          "sensitive_attributes": [],
          "identity_schema_version": 0,
          "private": "eyJlMmJmYjczMC1lY2FhLTExZTYtOGY4OC0zNDM2M2JjN2M0YzAiOnsiY3JlYXRlIjo2MDAwMDAwMDAwMDAsImRlbGV0ZSI6MTIwMDAwMDAwMDAwMH0sInNjaGVtYV92ZXJzaW9uIjoiMSJ9",
          "dependencies": [
            "module.eks_cluster.aws_vpc.eks_vpc",
            "module.eks_cluster.data.aws_availability_zones.available"
          ]
        }
      ]
    },
    {
      "module": "module.eks_cluster",
      "mode": "managed",
      "type": "aws_subnet",
      "name": "public",
      "provider": "module.eks_cluster.provider[\"registry.terraform.io/hashicorp/aws\"]",
      "instances": [
        {
          "schema_version": 1,
          "attributes": {
            "arn": "arn:aws:ec2:us-east-1:067970016113:subnet/subnet-09c764dda0cff53f4",
            "assign_ipv6_address_on_creation": false,
            "availability_zone": "us-east-1a",
            "availability_zone_id": "use1-az1",
            "cidr_block": "10.0.0.0/24",
            "customer_owned_ipv4_pool": "",
            "enable_dns64": false,
            "enable_lni_at_device_index": 0,
            "enable_resource_name_dns_a_record_on_launch": false,
            "enable_resource_name_dns_aaaa_record_on_launch": false,
            "id": "subnet-09c764dda0cff53f4",
            "ipv6_cidr_block": "",
            "ipv6_cidr_block_association_id": "",
            "ipv6_native": false,
            "map_customer_owned_ip_on_launch": false,
            "map_public_ip_on_launch": true,
            "outpost_arn": "",
            "owner_id": "067970016113",
            "private_dns_hostname_type_on_launch": "ip-name",
            "tags": {
              "Name": "ayman-eks-public-subnet",
              "kubernetes.io/cluster/ayman-eks": "shared",
              "kubernetes.io/role/elb": "1"
            },
            "tags_all": {
              "Name": "ayman-eks-public-subnet",
              "kubernetes.io/cluster/ayman-eks": "shared",
              "kubernetes.io/role/elb": "1"
            },
            "timeouts": null,
            "vpc_id": "vpc-074f3fcd785813a36"
          },
          "sensitive_attributes": [],
          "identity_schema_version": 0,
          "private": "eyJlMmJmYjczMC1lY2FhLTExZTYtOGY4OC0zNDM2M2JjN2M0YzAiOnsiY3JlYXRlIjo2MDAwMDAwMDAwMDAsImRlbGV0ZSI6MTIwMDAwMDAwMDAwMH0sInNjaGVtYV92ZXJzaW9uIjoiMSJ9",
          "dependencies": [
            "module.eks_cluster.aws_vpc.eks_vpc",
            "module.eks_cluster.data.aws_availability_zones.available"
          ]
        }
      ]
    },
    {
      "module": "module.eks_cluster",
      "mode": "managed",
      "type": "aws_vpc",
      "name": "eks_vpc",
      "provider": "module.eks_cluster.provider[\"registry.terraform.io/hashicorp/aws\"]",
      "instances": [
        {
          "schema_version": 1,
          "attributes": {
            "arn": "arn:aws:ec2:us-east-1:067970016113:vpc/vpc-074f3fcd785813a36",
            "assign_generated_ipv6_cidr_block": false,
            "cidr_block": "10.0.0.0/16",
            "default_network_acl_id": "acl-0a32b710a88ea836b",
            "default_route_table_id": "rtb-06410fa8c05679a27",
            "default_security_group_id": "sg-049a0f7ac07d9c8e0",
            "dhcp_options_id": "dopt-02a4642077c18bf56",
            "enable_dns_hostnames": true,
            "enable_dns_support": true,
            "enable_network_address_usage_metrics": false,
            "id": "vpc-074f3fcd785813a36",
            "instance_tenancy": "default",
            "ipv4_ipam_pool_id": null,
            "ipv4_netmask_length": null,
            "ipv6_association_id": "",
            "ipv6_cidr_block": "",
            "ipv6_cidr_block_network_border_group": "",
            "ipv6_ipam_pool_id": "",
            "ipv6_netmask_length": 0,
            "main_route_table_id": "rtb-06410fa8c05679a27",
            "owner_id": "067970016113",
            "tags": {
              "Name": "ayman-eks-vpc",
              "kubernetes.io/cluster/ayman-eks": "shared"
            },
            "tags_all": {
              "Name": "ayman-eks-vpc",
              "kubernetes.io/cluster/ayman-eks": "shared"
            }
          },
          "sensitive_attributes": [],
          "identity_schema_version": 0,
          "private": "eyJzY2hlbWFfdmVyc2lvbiI6IjEifQ=="
        }
      ]
    },
    {
      "module": "module.eks_nodes",
      "mode": "managed",
      "type": "aws_ebs_volume",
      "name": "postgres_volume",
      "provider": "module.eks_nodes.provider[\"registry.terraform.io/hashicorp/aws\"]",
      "instances": [
        {
          "schema_version": 0,
          "attributes": {
            "arn": "arn:aws:ec2:us-east-1:067970016113:volume/vol-00c14af296ca7fb03",
            "availability_zone": "us-east-1a",
            "create_time": "2026-02-08T16:00:43Z",
            "encrypted": false,
            "final_snapshot": false,
            "id": "vol-00c14af296ca7fb03",
            "iops": 3000,
            "kms_key_id": "",
            "multi_attach_enabled": false,
            "outpost_arn": "",
            "size": 5,
            "snapshot_id": "",
            "tags": {
              "Name": "postgres-ebs-volume"
            },
            "tags_all": {
              "Name": "postgres-ebs-volume"
            },
            "throughput": 125,
            "timeouts": null,
            "type": "gp3"
          },
          "sensitive_attributes": [],
          "identity_schema_version": 0,
          "private": "eyJlMmJmYjczMC1lY2FhLTExZTYtOGY4OC0zNDM2M2JjN2M0YzAiOnsiY3JlYXRlIjozMDAwMDAwMDAwMDAsImRlbGV0ZSI6NjAwMDAwMDAwMDAwLCJ1cGRhdGUiOjMwMDAwMDAwMDAwMH19"
        }
      ]
    },
    {
      "module": "module.eks_nodes",
      "mode": "managed",
      "type": "aws_eks_node_group",
      "name": "workers",
      "provider": "module.eks_nodes.provider[\"registry.terraform.io/hashicorp/aws\"]",
      "instances": [
        {
          "schema_version": 0,
          "attributes": {
            "ami_type": "AL2023_x86_64_STANDARD",
            "arn": "arn:aws:eks:us-east-1:067970016113:nodegroup/ayman-eks/ayman-eks-workers/62ce1e99-d3e2-d976-6e9d-008b76226c97",
            "capacity_type": "ON_DEMAND",
            "cluster_name": "ayman-eks",
            "disk_size": 20,
            "force_update_version": null,
            "id": "ayman-eks:ayman-eks-workers",
            "instance_types": [
              "t3.medium"
            ],
            "labels": {
              "role": "worker"
            },
            "launch_template": [],
            "node_group_name": "ayman-eks-workers",
            "node_group_name_prefix": "",
            "node_repair_config": [],
            "node_role_arn": "arn:aws:iam::067970016113:role/ayman-eks-eks-node-role",
            "release_version": "1.30.14-20260129",
            "remote_access": [],
            "resources": [
              {
                "autoscaling_groups": [
                  {
                    "name": "eks-ayman-eks-workers-62ce1e99-d3e2-d976-6e9d-008b76226c97"
                  }
                ],
                "remote_access_security_group_id": ""
              }
            ],
            "scaling_config": [
              {
                "desired_size": 2,
                "max_size": 4,
                "min_size": 2
              }
            ],
            "status": "ACTIVE",
            "subnet_ids": [
              "subnet-006c7edd9765805a0",
              "subnet-09abab72b8a398369"
            ],
            "tags": {
              "Name": "ayman-eks-node-group"
            },
            "tags_all": {
              "Name": "ayman-eks-node-group"
            },
            "taint": [],
            "timeouts": null,
            "update_config": [
              {
                "max_unavailable": 1,
                "max_unavailable_percentage": 0
              }
            ],
            "version": "1.30"
          },
          "sensitive_attributes": [],
          "identity_schema_version": 0,
          "private": "eyJlMmJmYjczMC1lY2FhLTExZTYtOGY4OC0zNDM2M2JjN2M0YzAiOnsiY3JlYXRlIjozNjAwMDAwMDAwMDAwLCJkZWxldGUiOjM2MDAwMDAwMDAwMDAsInVwZGF0ZSI6MzYwMDAwMDAwMDAwMH19",
          "dependencies": [
            "module.eks_cluster.aws_eks_cluster.eks",
            "module.eks_cluster.aws_iam_role.eks_cluster_role",
            "module.eks_cluster.aws_iam_role.eks_node_role",
            "module.eks_cluster.aws_iam_role_policy_attachment.eks_cluster_policy",
            "module.eks_cluster.aws_iam_role_policy_attachment.eks_service_policy",
            "module.eks_cluster.aws_subnet.private",
            "module.eks_cluster.aws_vpc.eks_vpc",
            "module.eks_cluster.data.aws_availability_zones.available",
            "module.eks_nodes.aws_iam_role_policy_attachment.cni_policy",
            "module.eks_nodes.aws_iam_role_policy_attachment.ecr_policy",
            "module.eks_nodes.aws_iam_role_policy_attachment.eks_worker_policy"
          ]
        }
      ]
    },
    {
      "module": "module.eks_nodes",
      "mode": "managed",
      "type": "aws_iam_role_policy_attachment",
      "name": "cni_policy",
      "provider": "module.eks_nodes.provider[\"registry.terraform.io/hashicorp/aws\"]",
      "instances": [
        {
          "schema_version": 0,
          "attributes": {
            "id": "ayman-eks-eks-node-role/arn:aws:iam::aws:policy/AmazonEKS_CNI_Policy",
            "policy_arn": "arn:aws:iam::aws:policy/AmazonEKS_CNI_Policy",
            "role": "ayman-eks-eks-node-role"
          },
          "sensitive_attributes": [],
          "identity_schema_version": 0,
          "private": "bnVsbA==",
          "dependencies": [
            "module.eks_cluster.aws_iam_role.eks_node_role"
          ]
        }
      ]
    },
    {
      "module": "module.eks_nodes",
      "mode": "managed",
      "type": "aws_iam_role_policy_attachment",
      "name": "ecr_policy",
      "provider": "module.eks_nodes.provider[\"registry.terraform.io/hashicorp/aws\"]",
      "instances": [
        {
          "schema_version": 0,
          "attributes": {
            "id": "ayman-eks-eks-node-role/arn:aws:iam::aws:policy/AmazonEC2ContainerRegistryReadOnly",
            "policy_arn": "arn:aws:iam::aws:policy/AmazonEC2ContainerRegistryReadOnly",
            "role": "ayman-eks-eks-node-role"
          },
          "sensitive_attributes": [],
          "identity_schema_version": 0,
          "private": "bnVsbA==",
          "dependencies": [
            "module.eks_cluster.aws_iam_role.eks_node_role"
          ]
        }
      ]
    },
    {
      "module": "module.eks_nodes",
      "mode": "managed",
      "type": "aws_iam_role_policy_attachment",
      "name": "eks_worker_policy",
      "provider": "module.eks_nodes.provider[\"registry.terraform.io/hashicorp/aws\"]",
      "instances": [
        {
          "schema_version": 0,
          "attributes": {
            "id": "ayman-eks-eks-node-role/arn:aws:iam::aws:policy/AmazonEKSWorkerNodePolicy",
            "policy_arn": "arn:aws:iam::aws:policy/AmazonEKSWorkerNodePolicy",
            "role": "ayman-eks-eks-node-role"
          },
          "sensitive_attributes": [],
          "identity_schema_version": 0,
          "private": "bnVsbA==",
          "dependencies": [
            "module.eks_cluster.aws_iam_role.eks_node_role"
          ]
        }
      ]
    }
  ],
  "check_results": null
}
